
Microsoft Visual Studio Solution File, Format Version 12.00
# Visual Studio Version 17
VisualStudioVersion = 17.14.36301.6 d17.14
MinimumVisualStudioVersion = 10.0.40219.1
Project("{2150E333-8FDC-42A3-9474-1A3956D46DE8}") = "src", "src", "{02EA681E-C7D8-13C7-8484-4AC65E1B71E8}"
EndProject
Project("{2150E333-8FDC-42A3-9474-1A3956D46DE8}") = "tests", "tests", "{4DDF4A3E-0AF1-4D36-8D31-2C13C084A604}"
EndProject
Project("{2150E333-8FDC-42A3-9474-1A3956D46DE8}") = "UnitTests", "UnitTests", "{DF52A05D-131B-42EC-88F4-A45257A9E684}"
EndProject
Project("{2150E333-8FDC-42A3-9474-1A3956D46DE8}") = "IntegrationTests", "IntegrationTests", "{1E10EDA0-15F9-4D8A-9359-84650FE86398}"
EndProject
Project("{FAE04EC0-301F-11D3-BF4B-00C04F79EFBC}") = "OM.Api", "src\Api\OM.Api\OM.Api.csproj", "{F24A7945-8B66-44BF-9292-D982A6DAE258}"
EndProject
Project("{FAE04EC0-301F-11D3-BF4B-00C04F79EFBC}") = "OM.Application", "src\Application\OM.Application\OM.Application.csproj", "{96246FEA-489B-4DA4-97C5-939A370F5C61}"
EndProject
Project("{FAE04EC0-301F-11D3-BF4B-00C04F79EFBC}") = "OM.Domain", "src\Domain\OM.Domain\OM.Domain.csproj", "{3AD5C325-3713-44FA-9857-88FDB4BC69F7}"
EndProject
Project("{FAE04EC0-301F-11D3-BF4B-00C04F79EFBC}") = "OM.Infrastructure", "src\Infrastructure\OM.Infrastructure\OM.Infrastructure.csproj", "{23197F94-495A-4F96-9CA2-39D47CF46597}"
EndProject
Project("{FAE04EC0-301F-11D3-BF4B-00C04F79EFBC}") = "OM.Persistence.SQLServer", "src\Persistence\OM.Persistence.SQLServer\OM.Persistence.SQLServer.csproj", "{1C42A603-E2F9-4BD4-8855-E74C7C5C1191}"
EndProject
Project("{FAE04EC0-301F-11D3-BF4B-00C04F79EFBC}") = "OM.UnitTests", "tests\OM.UnitTests\OM.UnitTests.csproj", "{6EA97A78-13CF-45E8-9916-1A69C8AAA2AB}"
EndProject
Project("{FAE04EC0-301F-11D3-BF4B-00C04F79EFBC}") = "OM.IntegrationTests", "tests\OM.IntegrationTests\OM.IntegrationTests.csproj", "{1528D158-1D67-4DC7-AFBD-4B94E56FD90C}"
EndProject
Global
	GlobalSection(SolutionConfigurationPlatforms) = preSolution
		Debug|Any CPU = Debug|Any CPU
		Release|Any CPU = Release|Any CPU
	EndGlobalSection
	GlobalSection(ProjectConfigurationPlatforms) = postSolution
		{F24A7945-8B66-44BF-9292-D982A6DAE258}.Debug|Any CPU.ActiveCfg = Debug|Any CPU
		{F24A7945-8B66-44BF-9292-D982A6DAE258}.Debug|Any CPU.Build.0 = Debug|Any CPU
		{F24A7945-8B66-44BF-9292-D982A6DAE258}.Release|Any CPU.ActiveCfg = Release|Any CPU
		{F24A7945-8B66-44BF-9292-D982A6DAE258}.Release|Any CPU.Build.0 = Release|Any CPU
		{96246FEA-489B-4DA4-97C5-939A370F5C61}.Debug|Any CPU.ActiveCfg = Debug|Any CPU
		{96246FEA-489B-4DA4-97C5-939A370F5C61}.Debug|Any CPU.Build.0 = Debug|Any CPU
		{96246FEA-489B-4DA4-97C5-939A370F5C61}.Release|Any CPU.ActiveCfg = Release|Any CPU
		{96246FEA-489B-4DA4-97C5-939A370F5C61}.Release|Any CPU.Build.0 = Release|Any CPU
		{3AD5C325-3713-44FA-9857-88FDB4BC69F7}.Debug|Any CPU.ActiveCfg = Debug|Any CPU
		{3AD5C325-3713-44FA-9857-88FDB4BC69F7}.Debug|Any CPU.Build.0 = Debug|Any CPU
		{3AD5C325-3713-44FA-9857-88FDB4BC69F7}.Release|Any CPU.ActiveCfg = Release|Any CPU
		{3AD5C325-3713-44FA-9857-88FDB4BC69F7}.Release|Any CPU.Build.0 = Release|Any CPU
		{23197F94-495A-4F96-9CA2-39D47CF46597}.Debug|Any CPU.ActiveCfg = Debug|Any CPU
		{23197F94-495A-4F96-9CA2-39D47CF46597}.Debug|Any CPU.Build.0 = Debug|Any CPU
		{23197F94-495A-4F96-9CA2-39D47CF46597}.Release|Any CPU.ActiveCfg = Release|Any CPU
		{23197F94-495A-4F96-9CA2-39D47CF46597}.Release|Any CPU.Build.0 = Release|Any CPU
		{1C42A603-E2F9-4BD4-8855-E74C7C5C1191}.Debug|Any CPU.ActiveCfg = Debug|Any CPU
		{1C42A603-E2F9-4BD4-8855-E74C7C5C1191}.Debug|Any CPU.Build.0 = Debug|Any CPU
		{1C42A603-E2F9-4BD4-8855-E74C7C5C1191}.Release|Any CPU.ActiveCfg = Release|Any CPU
		{1C42A603-E2F9-4BD4-8855-E74C7C5C1191}.Release|Any CPU.Build.0 = Release|Any CPU
		{6EA97A78-13CF-45E8-9916-1A69C8AAA2AB}.Debug|Any CPU.ActiveCfg = Debug|Any CPU
		{6EA97A78-13CF-45E8-9916-1A69C8AAA2AB}.Debug|Any CPU.Build.0 = Debug|Any CPU
		{6EA97A78-13CF-45E8-9916-1A69C8AAA2AB}.Release|Any CPU.ActiveCfg = Release|Any CPU
		{6EA97A78-13CF-45E8-9916-1A69C8AAA2AB}.Release|Any CPU.Build.0 = Release|Any CPU
		{1528D158-1D67-4DC7-AFBD-4B94E56FD90C}.Debug|Any CPU.ActiveCfg = Debug|Any CPU
		{1528D158-1D67-4DC7-AFBD-4B94E56FD90C}.Debug|Any CPU.Build.0 = Debug|Any CPU
		{1528D158-1D67-4DC7-AFBD-4B94E56FD90C}.Release|Any CPU.ActiveCfg = Release|Any CPU
		{1528D158-1D67-4DC7-AFBD-4B94E56FD90C}.Release|Any CPU.Build.0 = Release|Any CPU
	EndGlobalSection
	GlobalSection(SolutionProperties) = preSolution
		HideSolutionNode = FALSE
	EndGlobalSection
	GlobalSection(NestedProjects) = preSolution
		{DF52A05D-131B-42EC-88F4-A45257A9E684} = {4DDF4A3E-0AF1-4D36-8D31-2C13C084A604}
		{1E10EDA0-15F9-4D8A-9359-84650FE86398} = {4DDF4A3E-0AF1-4D36-8D31-2C13C084A604}
		{F24A7945-8B66-44BF-9292-D982A6DAE258} = {02EA681E-C7D8-13C7-8484-4AC65E1B71E8}
		{96246FEA-489B-4DA4-97C5-939A370F5C61} = {02EA681E-C7D8-13C7-8484-4AC65E1B71E8}
		{3AD5C325-3713-44FA-9857-88FDB4BC69F7} = {02EA681E-C7D8-13C7-8484-4AC65E1B71E8}
		{23197F94-495A-4F96-9CA2-39D47CF46597} = {02EA681E-C7D8-13C7-8484-4AC65E1B71E8}
		{1C42A603-E2F9-4BD4-8855-E74C7C5C1191} = {02EA681E-C7D8-13C7-8484-4AC65E1B71E8}
		{6EA97A78-13CF-45E8-9916-1A69C8AAA2AB} = {DF52A05D-131B-42EC-88F4-A45257A9E684}
		{1528D158-1D67-4DC7-AFBD-4B94E56FD90C} = {1E10EDA0-15F9-4D8A-9359-84650FE86398}
	EndGlobalSection
	GlobalSection(ExtensibilityGlobals) = postSolution
		SolutionGuid = {240BC128-7AED-4E27-9B8B-E2701A41F079}
	EndGlobalSection
EndGlobal
